<?xml version="1.0" encoding="utf-8"?>
<Project ToolsVersion="4.0" xmlns="http://schemas.microsoft.com/developer/msbuild/2003">
  <ItemGroup>
    <ClCompile Include="Archer.cpp" />
    <ClCompile Include="Arrow.cpp" />
    <ClCompile Include="CMonster.cpp" />
    <ClCompile Include="CScrollMgr.cpp" />
    <ClCompile Include="DefaultWindow.cpp" />
    <ClCompile Include="GameSelectButton.cpp" />
    <ClCompile Include="KeyManager.cpp" />
    <ClCompile Include="MainGame.cpp" />
    <ClCompile Include="MainMenu.cpp" />
    <ClCompile Include="Obj.cpp" />
    <ClCompile Include="Pikachu.cpp" />
    <ClCompile Include="Player.cpp" />
    <ClCompile Include="Scene.cpp" />
    <ClCompile Include="Stage01.cpp" />
    <ClCompile Include="Stage02.cpp" />
    <ClCompile Include="stdafx.cpp" />
    <ClCompile Include="SceneManager.cpp" />
    <ClCompile Include="TimeManager.cpp" />
    <ClCompile Include="ShotPutBall.cpp">
      <Filter>Stage3</Filter>
    </ClCompile>
    <ClCompile Include="ShotPutPlayer.cpp">
      <Filter>Stage3</Filter>
    </ClCompile>
    <ClCompile Include="ShotPutStadium.cpp">
      <Filter>Stage3</Filter>
    </ClCompile>
    <ClCompile Include="Stage03.cpp">
      <Filter>Stage3</Filter>
    </ClCompile>
  </ItemGroup>
  <ItemGroup>
    <ClInclude Include="Archer.h" />
    <ClInclude Include="Arrow.h" />
    <ClInclude Include="CScrollMgr.h" />
    <ClInclude Include="GameSelectButton.h" />
    <ClInclude Include="CMonster.h" />
    <ClInclude Include="DefaultWindow.h" />
    <ClInclude Include="Define.h" />
    <ClInclude Include="KeyManager.h" />
    <ClInclude Include="MainGame.h" />
    <ClInclude Include="MainMenu.h" />
    <ClInclude Include="Obj.h" />
    <ClInclude Include="Pikachu.h" />
    <ClInclude Include="Player.h" />
    <ClInclude Include="Resource.h" />
    <ClInclude Include="Scene.h" />
    <ClInclude Include="SceneManager.h" />
    <ClInclude Include="Stage01.h" />
    <ClInclude Include="Stage02.h" />
    <ClInclude Include="stdafx.h" />
    <ClInclude Include="targetver.h" />
    <ClInclude Include="TimeManager.h" />
    <ClInclude Include="ShotPutBall.h">
      <Filter>Stage3</Filter>
    </ClInclude>
    <ClInclude Include="ShotPutPlayer.h">
      <Filter>Stage3</Filter>
    </ClInclude>
    <ClInclude Include="ShotPutStadium.h">
      <Filter>Stage3</Filter>
    </ClInclude>
    <ClInclude Include="Stage03.h">
      <Filter>Stage3</Filter>
    </ClInclude>
  </ItemGroup>
  <ItemGroup>
    <ResourceCompile Include="DefaultWindow.rc" />
  </ItemGroup>
  <ItemGroup>
    <Image Include="DefaultWindow.ico" />
    <Image Include="small.ico" />
  </ItemGroup>
  <ItemGroup>
    <Text Include="ReadMe.txt" />
  </ItemGroup>
  <ItemGroup>
    <Filter Include="Stage3">
      <UniqueIdentifier>{3ab3712c-a336-4509-9979-e60c0966b1af}</UniqueIdentifier>
    </Filter>
  </ItemGroup>
</Project>